// !$*UTF8*$!
{
	archiveVersion = 1;
	classes = {
	};
	objectVersion = 46;
	objects = {

/* Begin PBXBuildFile section */
		4369AB261A1AD77B00555E0D /* AppDelegate.swift in Sources */ = {isa = PBXBuildFile; fileRef = 4369AB251A1AD77B00555E0D /* AppDelegate.swift */; };
		4369AB291A1AD77B00555E0D /* RFCoreDataDemo.xcdatamodeld in Sources */ = {isa = PBXBuildFile; fileRef = 4369AB271A1AD77B00555E0D /* RFCoreDataDemo.xcdatamodeld */; };
		4369AB2B1A1AD77B00555E0D /* ViewController.swift in Sources */ = {isa = PBXBuildFile; fileRef = 4369AB2A1A1AD77B00555E0D /* ViewController.swift */; };
		4369AB2E1A1AD77B00555E0D /* Main.storyboard in Resources */ = {isa = PBXBuildFile; fileRef = 4369AB2C1A1AD77B00555E0D /* Main.storyboard */; };
		4369AB301A1AD77B00555E0D /* Images.xcassets in Resources */ = {isa = PBXBuildFile; fileRef = 4369AB2F1A1AD77B00555E0D /* Images.xcassets */; };
		4369AB331A1AD77B00555E0D /* LaunchScreen.xib in Resources */ = {isa = PBXBuildFile; fileRef = 4369AB311A1AD77B00555E0D /* LaunchScreen.xib */; };
		4369AB3F1A1AD77B00555E0D /* RFCoreDataDemoTests.swift in Sources */ = {isa = PBXBuildFile; fileRef = 4369AB3E1A1AD77B00555E0D /* RFCoreDataDemoTests.swift */; };
/* End PBXBuildFile section */

/* Begin PBXContainerItemProxy section */
		4369AB391A1AD77B00555E0D /* PBXContainerItemProxy */ = {
			isa = PBXContainerItemProxy;
			containerPortal = 4369AB181A1AD77B00555E0D /* Project object */;
			proxyType = 1;
			remoteGlobalIDString = 4369AB1F1A1AD77B00555E0D;
			remoteInfo = RFCoreDataDemo;
		};
/* End PBXContainerItemProxy section */

/* Begin PBXFileReference section */
		4369AB201A1AD77B00555E0D /* RFCoreDataDemo.app */ = {isa = PBXFileReference; explicitFileType = wrapper.application; includeInIndex = 0; path = RFCoreDataDemo.app; sourceTree = BUILT_PRODUCTS_DIR; };
		4369AB241A1AD77B00555E0D /* Info.plist */ = {isa = PBXFileReference; lastKnownFileType = text.plist.xml; path = Info.plist; sourceTree = "<group>"; };
		4369AB251A1AD77B00555E0D /* AppDelegate.swift */ = {isa = PBXFileReference; lastKnownFileType = sourcecode.swift; path = AppDelegate.swift; sourceTree = "<group>"; };
		4369AB281A1AD77B00555E0D /* RFCoreDataDemo.xcdatamodel */ = {isa = PBXFileReference; lastKnownFileType = wrapper.xcdatamodel; path = RFCoreDataDemo.xcdatamodel; sourceTree = "<group>"; };
		4369AB2A1A1AD77B00555E0D /* ViewController.swift */ = {isa = PBXFileReference; lastKnownFileType = sourcecode.swift; path = ViewController.swift; sourceTree = "<group>"; };
		4369AB2D1A1AD77B00555E0D /* Base */ = {isa = PBXFileReference; lastKnownFileType = file.storyboard; name = Base; path = Base.lproj/Main.storyboard; sourceTree = "<group>"; };
		4369AB2F1A1AD77B00555E0D /* Images.xcassets */ = {isa = PBXFileReference; lastKnownFileType = folder.assetcatalog; path = Images.xcassets; sourceTree = "<group>"; };
		4369AB321A1AD77B00555E0D /* Base */ = {isa = PBXFileReference; lastKnownFileType = file.xib; name = Base; path = Base.lproj/LaunchScreen.xib; sourceTree = "<group>"; };
		4369AB381A1AD77B00555E0D /* RFCoreDataDemoTests.xctest */ = {isa = PBXFileReference; explicitFileType = wrapper.cfbundle; includeInIndex = 0; path = RFCoreDataDemoTests.xctest; sourceTree = BUILT_PRODUCTS_DIR; };
		4369AB3D1A1AD77B00555E0D /* Info.plist */ = {isa = PBXFileReference; lastKnownFileType = text.plist.xml; path = Info.plist; sourceTree = "<group>"; };
		4369AB3E1A1AD77B00555E0D /* RFCoreDataDemoTests.swift */ = {isa = PBXFileReference; lastKnownFileType = sourcecode.swift; path = RFCoreDataDemoTests.swift; sourceTree = "<group>"; };
/* End PBXFileReference section */

/* Begin PBXFrameworksBuildPhase section */
		4369AB1D1A1AD77B00555E0D /* Frameworks */ = {
			isa = PBXFrameworksBuildPhase;
			buildActionMask = 2147483647;
			files = (
			);
			runOnlyForDeploymentPostprocessing = 0;
		};
		4369AB351A1AD77B00555E0D /* Frameworks */ = {
			isa = PBXFrameworksBuildPhase;
			buildActionMask = 2147483647;
			files = (
			);
			runOnlyForDeploymentPostprocessing = 0;
		};
/* End PBXFrameworksBuildPhase section */

/* Begin PBXGroup section */
		4369AB171A1AD77B00555E0D = {
			isa = PBXGroup;
			children = (
				4369AB221A1AD77B00555E0D /* RFCoreDataDemo */,
				4369AB3B1A1AD77B00555E0D /* RFCoreDataDemoTests */,
				4369AB211A1AD77B00555E0D /* Products */,
			);
			sourceTree = "<group>";
		};
		4369AB211A1AD77B00555E0D /* Products */ = {
			isa = PBXGroup;
			children = (
				4369AB201A1AD77B00555E0D /* RFCoreDataDemo.app */,
				4369AB381A1AD77B00555E0D /* RFCoreDataDemoTests.xctest */,
			);
			name = Products;
			sourceTree = "<group>";
		};
		4369AB221A1AD77B00555E0D /* RFCoreDataDemo */ = {
			isa = PBXGroup;
			children = (
				4369AB251A1AD77B00555E0D /* AppDelegate.swift */,
				4369AB2A1A1AD77B00555E0D /* ViewController.swift */,
				4369AB2C1A1AD77B00555E0D /* Main.storyboard */,
				4369AB2F1A1AD77B00555E0D /* Images.xcassets */,
				4369AB311A1AD77B00555E0D /* LaunchScreen.xib */,
				4369AB271A1AD77B00555E0D /* RFCoreDataDemo.xcdatamodeld */,
				4369AB231A1AD77B00555E0D /* Supporting Files */,
			);
			path = RFCoreDataDemo;
			sourceTree = "<group>";
		};
		4369AB231A1AD77B00555E0D /* Supporting Files */ = {
			isa = PBXGroup;
			children = (
				4369AB241A1AD77B00555E0D /* Info.plist */,
			);
			name = "Supporting Files";
			sourceTree = "<group>";
		};
		4369AB3B1A1AD77B00555E0D /* RFCoreDataDemoTests */ = {
			isa = PBXGroup;
			children = (
				4369AB3E1A1AD77B00555E0D /* RFCoreDataDemoTests.swift */,
				4369AB3C1A1AD77B00555E0D /* Supporting Files */,
			);
			path = RFCoreDataDemoTests;
			sourceTree = "<group>";
		};
		4369AB3C1A1AD77B00555E0D /* Supporting Files */ = {
			isa = PBXGroup;
			children = (
				4369AB3D1A1AD77B00555E0D /* Info.plist */,
			);
			name = "Supporting Files";
			sourceTree = "<group>";
		};
/* End PBXGroup section */

/* Begin PBXNativeTarget section */
		4369AB1F1A1AD77B00555E0D /* RFCoreDataDemo */ = {
			isa = PBXNativeTarget;
			buildConfigurationList = 4369AB421A1AD77B00555E0D /* Build configuration list for PBXNativeTarget "RFCoreDataDemo" */;
			buildPhases = (
				4369AB1C1A1AD77B00555E0D /* Sources */,
				4369AB1D1A1AD77B00555E0D /* Frameworks */,
				4369AB1E1A1AD77B00555E0D /* Resources */,
			);
			buildRules = (
			);
			dependencies = (
			);
			name = RFCoreDataDemo;
			productName = RFCoreDataDemo;
			productReference = 4369AB201A1AD77B00555E0D /* RFCoreDataDemo.app */;
			productType = "com.apple.product-type.application";
		};
		4369AB371A1AD77B00555E0D /* RFCoreDataDemoTests */ = {
			isa = PBXNativeTarget;
			buildConfigurationList = 4369AB451A1AD77B00555E0D /* Build configuration list for PBXNativeTarget "RFCoreDataDemoTests" */;
			buildPhases = (
				4369AB341A1AD77B00555E0D /* Sources */,
				4369AB351A1AD77B00555E0D /* Frameworks */,
				4369AB361A1AD77B00555E0D /* Resources */,
			);
			buildRules = (
			);
			dependencies = (
				4369AB3A1A1AD77B00555E0D /* PBXTargetDependency */,
			);
			name = RFCoreDataDemoTests;
			productName = RFCoreDataDemoTests;
			productReference = 4369AB381A1AD77B00555E0D /* RFCoreDataDemoTests.xctest */;
			productType = "com.apple.product-type.bundle.unit-test";
		};
/* End PBXNativeTarget section */

/* Begin PBXProject section */
		4369AB181A1AD77B00555E0D /* Project object */ = {
			isa = PBXProject;
			attributes = {
				LastUpgradeCheck = 0610;
				ORGANIZATIONNAME = "Ryusuke Fuda";
				TargetAttributes = {
					4369AB1F1A1AD77B00555E0D = {
						CreatedOnToolsVersion = 6.1;
					};
					4369AB371A1AD77B00555E0D = {
						CreatedOnToolsVersion = 6.1;
						TestTargetID = 4369AB1F1A1AD77B00555E0D;
					};
				};
			};
			buildConfigurationList = 4369AB1B1A1AD77B00555E0D /* Build configuration list for PBXProject "RFCoreDataDemo" */;
			compatibilityVersion = "Xcode 3.2";
			developmentRegion = English;
			hasScannedForEncodings = 0;
			knownRegions = (
				en,
				Base,
			);
			mainGroup = 4369AB171A1AD77B00555E0D;
			productRefGroup = 4369AB211A1AD77B00555E0D /* Products */;
			projectDirPath = "";
			projectRoot = "";
			targets = (
				4369AB1F1A1AD77B00555E0D /* RFCoreDataDemo */,
				4369AB371A1AD77B00555E0D /* RFCoreDataDemoTests */,
			);
		};
/* End PBXProject section */

/* Begin PBXResourcesBuildPhase section */
		4369AB1E1A1AD77B00555E0D /* Resources */ = {
			isa = PBXResourcesBuildPhase;
			buildActionMask = 2147483647;
			files = (
				4369AB2E1A1AD77B00555E0D /* Main.storyboard in Resources */,
				4369AB331A1AD77B00555E0D /* LaunchScreen.xib in Resources */,
				4369AB301A1AD77B00555E0D /* Images.xcassets in Resources */,
			);
			runOnlyForDeploymentPostprocessing = 0;
		};
		4369AB361A1AD77B00555E0D /* Resources */ = {
			isa = PBXResourcesBuildPhase;
			buildActionMask = 2147483647;
			files = (
			);
			runOnlyForDeploymentPostprocessing = 0;
		};
/* End PBXResourcesBuildPhase section */

/* Begin PBXSourcesBuildPhase section */
		4369AB1C1A1AD77B00555E0D /* Sources */ = {
			isa = PBXSourcesBuildPhase;
			buildActionMask = 2147483647;
			files = (
				4369AB2B1A1AD77B00555E0D /* ViewController.swift in Sources */,
				4369AB261A1AD77B00555E0D /* AppDelegate.swift in Sources */,
				4369AB291A1AD77B00555E0D /* RFCoreDataDemo.xcdatamodeld in Sources */,
			);
			runOnlyForDeploymentPostprocessing = 0;
		};
		4369AB341A1AD77B00555E0D /* Sources */ = {
			isa = PBXSourcesBuildPhase;
			buildActionMask = 2147483647;
			files = (
				4369AB3F1A1AD77B00555E0D /* RFCoreDataDemoTests.swift in Sources */,
			);
			runOnlyForDeploymentPostprocessing = 0;
		};
/* End PBXSourcesBuildPhase section */

/* Begin PBXTargetDependency section */
		4369AB3A1A1AD77B00555E0D /* PBXTargetDependency */ = {
			isa = PBXTargetDependency;
			target = 4369AB1F1A1AD77B00555E0D /* RFCoreDataDemo */;
			targetProxy = 4369AB391A1AD77B00555E0D /* PBXContainerItemProxy */;
		};
/* End PBXTargetDependency section */

/* Begin PBXVariantGroup section */
		4369AB2C1A1AD77B00555E0D /* Main.storyboard */ = {
			isa = PBXVariantGroup;
			children = (
				4369AB2D1A1AD77B00555E0D /* Base */,
			);
			name = Main.storyboard;
			sourceTree = "<group>";
		};
		4369AB311A1AD77B00555E0D /* LaunchScreen.xib */ = {
			isa = PBXVariantGroup;
			children = (
				4369AB321A1AD77B00555E0D /* Base */,
			);
			name = LaunchScreen.xib;
			sourceTree = "<group>";
		};
/* End PBXVariantGroup section */

/* Begin XCBuildConfiguration section */
		4369AB401A1AD77B00555E0D /* Debug */ = {
			isa = XCBuildConfiguration;
			buildSettings = {
				ALWAYS_SEARCH_USER_PATHS = NO;
				CLANG_CXX_LANGUAGE_STANDARD = "gnu++0x";
				CLANG_CXX_LIBRARY = "libc++";
				CLANG_ENABLE_MODULES = YES;
				CLANG_ENABLE_OBJC_ARC = YES;
				CLANG_WARN_BOOL_CONVERSION = YES;
				CLANG_WARN_CONSTANT_CONVERSION = YES;
				CLANG_WARN_DIRECT_OBJC_ISA_USAGE = YES_ERROR;
				CLANG_WARN_EMPTY_BODY = YES;
				CLANG_WARN_ENUM_CONVERSION = YES;
				CLANG_WARN_INT_CONVERSION = YES;
				CLANG_WARN_OBJC_ROOT_CLASS = YES_ERROR;
				CLANG_WARN_UNREACHABLE_CODE = YES;
				CLANG_WARN__DUPLICATE_METHOD_MATCH = YES;
				"CODE_SIGN_IDENTITY[sdk=iphoneos*]" = "iPhone Developer";
				COPY_PHASE_STRIP = NO;
				ENABLE_STRICT_OBJC_MSGSEND = YES;
				GCC_C_LANGUAGE_STANDARD = gnu99;
				GCC_DYNAMIC_NO_PIC = NO;
				GCC_OPTIMIZATION_LEVEL = 0;
				GCC_PREPROCESSOR_DEFINITIONS = (
					"DEBUG=1",
					"$(inherited)",
				);
				GCC_SYMBOLS_PRIVATE_EXTERN = NO;
				GCC_WARN_64_TO_32_BIT_CONVERSION = YES;
				GCC_WARN_ABOUT_RETURN_TYPE = YES_ERROR;
				GCC_WARN_UNDECLARED_SELECTOR = YES;
				GCC_WARN_UNINITIALIZED_AUTOS = YES_AGGRESSIVE;
				GCC_WARN_UNUSED_FUNCTION = YES;
				GCC_WARN_UNUSED_VARIABLE = YES;
				IPHONEOS_DEPLOYMENT_TARGET = 8.1;
				MTL_ENABLE_DEBUG_INFO = YES;
				ONLY_ACTIVE_ARCH = YES;
				SDKROOT = iphoneos;
				SWIFT_OPTIMIZATION_LEVEL = "-Onone";
			};
			name = Debug;
		};
		4369AB411A1AD77B00555E0D /* Release */ = {
			isa = XCBuildConfiguration;
			buildSettings = {
				ALWAYS_SEARCH_USER_PATHS = NO;
				CLANG_CXX_LANGUAGE_STANDARD = "gnu++0x";
				CLANG_CXX_LIBRARY = "libc++";
				CLANG_ENABLE_MODULES = YES;
				CLANG_ENABLE_OBJC_ARC = YES;
				CLANG_WARN_BOOL_CONVERSION = YES;
				CLANG_WARN_CONSTANT_CONVERSION = YES;
				CLANG_WARN_DIRECT_OBJC_ISA_USAGE = YES_ERROR;
				CLANG_WARN_EMPTY_BODY = YES;
				CLANG_WARN_ENUM_CONVERSION = YES;
				CLANG_WARN_INT_CONVERSION = YES;
				CLANG_WARN_OBJC_ROOT_CLASS = YES_ERROR;
				CLANG_WARN_UNREACHABLE_CODE = YES;
				CLANG_WARN__DUPLICATE_METHOD_MATCH = YES;
				"CODE_SIGN_IDENTITY[sdk=iphoneos*]" = "iPhone Developer";
				COPY_PHASE_STRIP = YES;
				ENABLE_NS_ASSERTIONS = NO;
				ENABLE_STRICT_OBJC_MSGSEND = YES;
				GCC_C_LANGUAGE_STANDARD = gnu99;
				GCC_WARN_64_TO_32_BIT_CONVERSION = YES;
				GCC_WARN_ABOUT_RETURN_TYPE = YES_ERROR;
				GCC_WARN_UNDECLARED_SELECTOR = YES;
				GCC_WARN_UNINITIALIZED_AUTOS = YES_AGGRESSIVE;
				GCC_WARN_UNUSED_FUNCTION = YES;
				GCC_WARN_UNUSED_VARIABLE = YES;
				IPHONEOS_DEPLOYMENT_TARGET = 8.1;
				MTL_ENABLE_DEBUG_INFO = NO;
				SDKROOT = iphoneos;
				VALIDATE_PRODUCT = YES;
			};
			name = Release;
		};
		4369AB431A1AD77B00555E0D /* Debug */ = {
			isa = XCBuildConfiguration;
			buildSettings = {
				ASSETCATALOG_COMPILER_APPICON_NAME = AppIcon;
				INFOPLIST_FILE = RFCoreDataDemo/Info.plist;
				LD_RUNPATH_SEARCH_PATHS = "$(inherited) @executable_path/Frameworks";
				PRODUCT_NAME = "$(TARGET_NAME)";
			};
			name = Debug;
		};
		4369AB441A1AD77B00555E0D /* Release */ = {
			isa = XCBuildConfiguration;
			buildSettings = {
				ASSETCATALOG_COMPILER_APPICON_NAME = AppIcon;
				INFOPLIST_FILE = RFCoreDataDemo/Info.plist;
				LD_RUNPATH_SEARCH_PATHS = "$(inherited) @executable_path/Frameworks";
				PRODUCT_NAME = "$(TARGET_NAME)";
			};
			name = Release;
		};
		4369AB461A1AD77B00555E0D /* Debug */ = {
			isa = XCBuildConfiguration;
			buildSettings = {
				BUNDLE_LOADER = "$(TEST_HOST)";
				FRAMEWORK_SEARCH_PATHS = (
					"$(SDKROOT)/Developer/Library/Frameworks",
					"$(inherited)",
				);
				GCC_PREPROCESSOR_DEFINITIONS = (
					"DEBUG=1",
					"$(inherited)",
				);
				INFOPLIST_FILE = RFCoreDataDemoTests/Info.plist;
				LD_RUNPATH_SEARCH_PATHS = "$(inherited) @executable_path/Frameworks @loader_path/Frameworks";
				PRODUCT_NAME = "$(TARGET_NAME)";
				TEST_HOST = "$(BUILT_PRODUCTS_DIR)/RFCoreDataDemo.app/RFCoreDataDemo";
			};
			name = Debug;
		};
		4369AB471A1AD77B00555E0D /* Release */ = {
			isa = XCBuildConfiguration;
			buildSettings = {
				BUNDLE_LOADER = "$(TEST_HOST)";
				FRAMEWORK_SEARCH_PATHS = (
					"$(SDKROOT)/Developer/Library/Frameworks",
					"$(inherited)",
				);
				INFOPLIST_FILE = RFCoreDataDemoTests/Info.plist;
				LD_RUNPATH_SEARCH_PATHS = "$(inherited) @executable_path/Frameworks @loader_path/Frameworks";
				PRODUCT_NAME = "$(TARGET_NAME)";
				TEST_HOST = "$(BUILT_PRODUCTS_DIR)/RFCoreDataDemo.app/RFCoreDataDemo";
			};
			name = Release;
		};
/* End XCBuildConfiguration section */

/* Begin XCConfigurationList section */
		4369AB1B1A1AD77B00555E0D /* Build configuration list for PBXProject "RFCoreDataDemo" */ = {
			isa = XCConfigurationList;
			buildConfigurations = (
				4369AB401A1AD77B00555E0D /* Debug */,
				4369AB411A1AD77B00555E0D /* Release */,
			);
			defaultConfigurationIsVisible = 0;
			defaultConfigurationName = Release;
		};
		4369AB421A1AD77B00555E0D /* Build configuration list for PBXNativeTarget "RFCoreDataDemo" */ = {
			isa = XCConfigurationList;
			buildConfigurations = (
				4369AB431A1AD77B00555E0D /* Debug */,
				4369AB441A1AD77B00555E0D /* Release */,
			);
			defaultConfigurationIsVisible = 0;
		};
		4369AB451A1AD77B00555E0D /* Build configuration list for PBXNativeTarget "RFCoreDataDemoTests" */ = {
			isa = XCConfigurationList;
			buildConfigurations = (
				4369AB461A1AD77B00555E0D /* Debug */,
				4369AB471A1AD77B00555E0D /* Release */,
			);
			defaultConfigurationIsVisible = 0;
		};
/* End XCConfigurationList section */

/* Begin XCVersionGroup section */
		4369AB271A1AD77B00555E0D /* RFCoreDataDemo.xcdatamodeld */ = {
			isa = XCVersionGroup;
			children = (
				4369AB281A1AD77B00555E0D /* RFCoreDataDemo.xcdatamodel */,
			);
			currentVersion = 4369AB281A1AD77B00555E0D /* RFCoreDataDemo.xcdatamodel */;
			path = RFCoreDataDemo.xcdatamodeld;
			sourceTree = "<group>";
			versionGroupType = wrapper.xcdatamodel;
		};
/* End XCVersionGroup section */
	};
	rootObject = 4369AB181A1AD77B00555E0D /* Project object */;
}
